// !$*UTF8*$!
{
	archiveVersion = 1;
	classes = {
	};
	objectVersion = 46;
	objects = {

/* Begin PBXBuildFile section */
		0454990A1B53A14000202CE9 /* moc_Markdown.cpp in Sources */ = {isa = PBXBuildFile; fileRef = 045499071B53A14000202CE9 /* moc_Markdown.cpp */; };
		0454990B1B53A14000202CE9 /* moc_QLiteNoteWindow.cpp in Sources */ = {isa = PBXBuildFile; fileRef = 045499081B53A14000202CE9 /* moc_QLiteNoteWindow.cpp */; };
		0454990C1B53A14000202CE9 /* moc_QTreeWidgetEx.cpp in Sources */ = {isa = PBXBuildFile; fileRef = 045499091B53A14000202CE9 /* moc_QTreeWidgetEx.cpp */; };
		045499181B53A16D00202CE9 /* MainLiteNote.cpp in Sources */ = {isa = PBXBuildFile; fileRef = 045499121B53A16D00202CE9 /* MainLiteNote.cpp */; };
		045499191B53A16D00202CE9 /* Markdown.cpp in Sources */ = {isa = PBXBuildFile; fileRef = 045499131B53A16D00202CE9 /* Markdown.cpp */; };
		0454991A1B53A16D00202CE9 /* QFileEx.cpp in Sources */ = {isa = PBXBuildFile; fileRef = 045499141B53A16D00202CE9 /* QFileEx.cpp */; };
		0454991B1B53A16D00202CE9 /* QLiteNoteWindow.cpp in Sources */ = {isa = PBXBuildFile; fileRef = 045499151B53A16D00202CE9 /* QLiteNoteWindow.cpp */; };
		0454991C1B53A16D00202CE9 /* QTreeWidgetEx.cpp in Sources */ = {isa = PBXBuildFile; fileRef = 045499161B53A16D00202CE9 /* QTreeWidgetEx.cpp */; };
		0454991D1B53A16D00202CE9 /* ras_ras.cpp in Sources */ = {isa = PBXBuildFile; fileRef = 045499171B53A16D00202CE9 /* ras_ras.cpp */; };
		04B767051B4E76AD006B9641 /* QtCore.framework in Frameworks */ = {isa = PBXBuildFile; fileRef = 04B767041B4E76AD006B9641 /* QtCore.framework */; };
		04B767071B4E76B3006B9641 /* QtGui.framework in Frameworks */ = {isa = PBXBuildFile; fileRef = 04B767061B4E76B3006B9641 /* QtGui.framework */; };
		04B767091B4E77D0006B9641 /* QtWebKit.framework in Frameworks */ = {isa = PBXBuildFile; fileRef = 04B767081B4E77D0006B9641 /* QtWebKit.framework */; };
		04D823B61B9D6A1D00761017 /* Markdown_inc.cpp in Sources */ = {isa = PBXBuildFile; fileRef = 04D823B51B9D6A1D00761017 /* Markdown_inc.cpp */; };
		04D823B91B9D6A2A00761017 /* PCString.cpp in Sources */ = {isa = PBXBuildFile; fileRef = 04D823B71B9D6A2A00761017 /* PCString.cpp */; };
		04F9CF751BAC17B700CA1BEE /* MacWrap.m in Sources */ = {isa = PBXBuildFile; fileRef = 04F9CF741BAC17B700CA1BEE /* MacWrap.m */; };
/* End PBXBuildFile section */

/* Begin PBXBuildRule section */
		04C0595E1B6F18F100129B37 /* PBXBuildRule */ = {
			isa = PBXBuildRule;
			compilerSpec = com.apple.compilers.proxy.script;
			fileType = folder.iconset;
			isEditable = 1;
			outputFiles = (
			);
			script = "# iconutil\n";
		};
/* End PBXBuildRule section */

/* Begin PBXCopyFilesBuildPhase section */
		04B766E71B4E7641006B9641 /* CopyFiles */ = {
			isa = PBXCopyFilesBuildPhase;
			buildActionMask = 2147483647;
			dstPath = /usr/share/man/man1/;
			dstSubfolderSpec = 0;
			files = (
			);
			runOnlyForDeploymentPostprocessing = 1;
		};
/* End PBXCopyFilesBuildPhase section */

/* Begin PBXFileReference section */
		045499071B53A14000202CE9 /* moc_Markdown.cpp */ = {isa = PBXFileReference; fileEncoding = 4; lastKnownFileType = sourcecode.cpp.cpp; name = moc_Markdown.cpp; path = src/moc_Markdown.cpp; sourceTree = SOURCE_ROOT; };
		045499081B53A14000202CE9 /* moc_QLiteNoteWindow.cpp */ = {isa = PBXFileReference; fileEncoding = 4; lastKnownFileType = sourcecode.cpp.cpp; name = moc_QLiteNoteWindow.cpp; path = src/moc_QLiteNoteWindow.cpp; sourceTree = SOURCE_ROOT; };
		045499091B53A14000202CE9 /* moc_QTreeWidgetEx.cpp */ = {isa = PBXFileReference; fileEncoding = 4; lastKnownFileType = sourcecode.cpp.cpp; name = moc_QTreeWidgetEx.cpp; path = src/moc_QTreeWidgetEx.cpp; sourceTree = SOURCE_ROOT; };
		0454990D1B53A15600202CE9 /* Markdown.h */ = {isa = PBXFileReference; lastKnownFileType = sourcecode.c.h; name = Markdown.h; path = src/Markdown.h; sourceTree = SOURCE_ROOT; };
		0454990E1B53A15600202CE9 /* QFileEx.h */ = {isa = PBXFileReference; lastKnownFileType = sourcecode.c.h; name = QFileEx.h; path = src/QFileEx.h; sourceTree = SOURCE_ROOT; };
		0454990F1B53A15600202CE9 /* QLiteNoteWindow.h */ = {isa = PBXFileReference; lastKnownFileType = sourcecode.c.h; name = QLiteNoteWindow.h; path = src/QLiteNoteWindow.h; sourceTree = SOURCE_ROOT; };
		045499101B53A15600202CE9 /* QTreeWidgetEx.h */ = {isa = PBXFileReference; lastKnownFileType = sourcecode.c.h; name = QTreeWidgetEx.h; path = src/QTreeWidgetEx.h; sourceTree = SOURCE_ROOT; };
		045499111B53A15600202CE9 /* resource.h */ = {isa = PBXFileReference; lastKnownFileType = sourcecode.c.h; name = resource.h; path = src/resource.h; sourceTree = SOURCE_ROOT; };
		045499121B53A16D00202CE9 /* MainLiteNote.cpp */ = {isa = PBXFileReference; explicitFileType = sourcecode.cpp.objcpp.preprocessed; fileEncoding = 4; name = MainLiteNote.cpp; path = src/MainLiteNote.cpp; sourceTree = SOURCE_ROOT; };
		045499131B53A16D00202CE9 /* Markdown.cpp */ = {isa = PBXFileReference; fileEncoding = 4; lastKnownFileType = sourcecode.cpp.cpp; name = Markdown.cpp; path = src/Markdown.cpp; sourceTree = SOURCE_ROOT; };
		045499141B53A16D00202CE9 /* QFileEx.cpp */ = {isa = PBXFileReference; fileEncoding = 4; lastKnownFileType = sourcecode.cpp.cpp; name = QFileEx.cpp; path = src/QFileEx.cpp; sourceTree = SOURCE_ROOT; };
		045499151B53A16D00202CE9 /* QLiteNoteWindow.cpp */ = {isa = PBXFileReference; fileEncoding = 4; lastKnownFileType = sourcecode.cpp.cpp; name = QLiteNoteWindow.cpp; path = src/QLiteNoteWindow.cpp; sourceTree = SOURCE_ROOT; };
		045499161B53A16D00202CE9 /* QTreeWidgetEx.cpp */ = {isa = PBXFileReference; fileEncoding = 4; lastKnownFileType = sourcecode.cpp.cpp; name = QTreeWidgetEx.cpp; path = src/QTreeWidgetEx.cpp; sourceTree = SOURCE_ROOT; };
		045499171B53A16D00202CE9 /* ras_ras.cpp */ = {isa = PBXFileReference; fileEncoding = 4; lastKnownFileType = sourcecode.cpp.cpp; name = ras_ras.cpp; path = src/ras_ras.cpp; sourceTree = SOURCE_ROOT; };
		04B766E91B4E7641006B9641 /* QtLiteNote */ = {isa = PBXFileReference; explicitFileType = "compiled.mach-o.executable"; includeInIndex = 0; path = QtLiteNote; sourceTree = BUILT_PRODUCTS_DIR; };
		04B767041B4E76AD006B9641 /* QtCore.framework */ = {isa = PBXFileReference; lastKnownFileType = wrapper.framework; name = QtCore.framework; path = ../../../../../Library/Frameworks/QtCore.framework; sourceTree = "<group>"; };
		04B767061B4E76B3006B9641 /* QtGui.framework */ = {isa = PBXFileReference; lastKnownFileType = wrapper.framework; name = QtGui.framework; path = ../../../../../Library/Frameworks/QtGui.framework; sourceTree = "<group>"; };
		04B767081B4E77D0006B9641 /* QtWebKit.framework */ = {isa = PBXFileReference; lastKnownFileType = wrapper.framework; name = QtWebKit.framework; path = ../../../../../Library/Frameworks/QtWebKit.framework; sourceTree = "<group>"; };
		04D823B51B9D6A1D00761017 /* Markdown_inc.cpp */ = {isa = PBXFileReference; fileEncoding = 4; lastKnownFileType = sourcecode.cpp.cpp; name = Markdown_inc.cpp; path = src/Markdown_inc.cpp; sourceTree = SOURCE_ROOT; };
		04D823B71B9D6A2A00761017 /* PCString.cpp */ = {isa = PBXFileReference; fileEncoding = 4; lastKnownFileType = sourcecode.cpp.cpp; name = PCString.cpp; path = src/PCString.cpp; sourceTree = SOURCE_ROOT; };
		04D823B81B9D6A2A00761017 /* PCString.h */ = {isa = PBXFileReference; fileEncoding = 4; lastKnownFileType = sourcecode.c.h; name = PCString.h; path = src/PCString.h; sourceTree = SOURCE_ROOT; };
		04F9CF741BAC17B700CA1BEE /* MacWrap.m */ = {isa = PBXFileReference; fileEncoding = 4; lastKnownFileType = sourcecode.c.objc; name = MacWrap.m; path = src/MacWrap.m; sourceTree = SOURCE_ROOT; };
/* End PBXFileReference section */

/* Begin PBXFrameworksBuildPhase section */
		04B766E61B4E7641006B9641 /* Frameworks */ = {
			isa = PBXFrameworksBuildPhase;
			buildActionMask = 2147483647;
			files = (
				04B767051B4E76AD006B9641 /* QtCore.framework in Frameworks */,
				04B767091B4E77D0006B9641 /* QtWebKit.framework in Frameworks */,
				04B767071B4E76B3006B9641 /* QtGui.framework in Frameworks */,
			);
			runOnlyForDeploymentPostprocessing = 0;
		};
/* End PBXFrameworksBuildPhase section */

/* Begin PBXGroup section */
		0454991E1B53A2EE00202CE9 /* head */ = {
			isa = PBXGroup;
			children = (
				0454990D1B53A15600202CE9 /* Markdown.h */,
				0454990E1B53A15600202CE9 /* QFileEx.h */,
				0454990F1B53A15600202CE9 /* QLiteNoteWindow.h */,
				045499101B53A15600202CE9 /* QTreeWidgetEx.h */,
				045499111B53A15600202CE9 /* resource.h */,
			);
			name = head;
			sourceTree = "<group>";
		};
		0454991F1B53A30400202CE9 /* moc */ = {
			isa = PBXGroup;
			children = (
				045499071B53A14000202CE9 /* moc_Markdown.cpp */,
				045499081B53A14000202CE9 /* moc_QLiteNoteWindow.cpp */,
				045499091B53A14000202CE9 /* moc_QTreeWidgetEx.cpp */,
			);
			name = moc;
			sourceTree = "<group>";
		};
		04B766E01B4E7641006B9641 = {
			isa = PBXGroup;
			children = (
				04B767041B4E76AD006B9641 /* QtCore.framework */,
				04B767061B4E76B3006B9641 /* QtGui.framework */,
				04B767081B4E77D0006B9641 /* QtWebKit.framework */,
				0454991E1B53A2EE00202CE9 /* head */,
				0454991F1B53A30400202CE9 /* moc */,
				04B766EA1B4E7641006B9641 /* Products */,
				04B766EB1B4E7641006B9641 /* src */,
			);
			sourceTree = "<group>";
		};
		04B766EA1B4E7641006B9641 /* Products */ = {
			isa = PBXGroup;
			children = (
				04B766E91B4E7641006B9641 /* QtLiteNote */,
			);
			name = Products;
			sourceTree = "<group>";
		};
		04B766EB1B4E7641006B9641 /* src */ = {
			isa = PBXGroup;
			children = (
				04D823B71B9D6A2A00761017 /* PCString.cpp */,
				04D823B81B9D6A2A00761017 /* PCString.h */,
				04D823B51B9D6A1D00761017 /* Markdown_inc.cpp */,
				045499121B53A16D00202CE9 /* MainLiteNote.cpp */,
				045499131B53A16D00202CE9 /* Markdown.cpp */,
				045499141B53A16D00202CE9 /* QFileEx.cpp */,
				045499151B53A16D00202CE9 /* QLiteNoteWindow.cpp */,
				045499161B53A16D00202CE9 /* QTreeWidgetEx.cpp */,
				045499171B53A16D00202CE9 /* ras_ras.cpp */,
				04F9CF741BAC17B700CA1BEE /* MacWrap.m */,
			);
			name = src;
			path = QtLiteNote;
			sourceTree = "<group>";
		};
/* End PBXGroup section */

/* Begin PBXNativeTarget section */
		04B766E81B4E7641006B9641 /* QtLiteNote */ = {
			isa = PBXNativeTarget;
			buildConfigurationList = 04B766F01B4E7641006B9641 /* Build configuration list for PBXNativeTarget "QtLiteNote" */;
			buildPhases = (
				04B766E51B4E7641006B9641 /* Sources */,
				04B766E61B4E7641006B9641 /* Frameworks */,
				04B766E71B4E7641006B9641 /* CopyFiles */,
			);
			buildRules = (
				04C0595E1B6F18F100129B37 /* PBXBuildRule */,
			);
			dependencies = (
			);
			name = QtLiteNote;
			productName = QtLiteNote;
			productReference = 04B766E91B4E7641006B9641 /* QtLiteNote */;
			productType = "com.apple.product-type.tool";
		};
/* End PBXNativeTarget section */

/* Begin PBXProject section */
		04B766E11B4E7641006B9641 /* Project object */ = {
			isa = PBXProject;
			attributes = {
				LastUpgradeCheck = 0630;
				ORGANIZATIONNAME = xiangism;
				TargetAttributes = {
					04B766E81B4E7641006B9641 = {
						CreatedOnToolsVersion = 6.3.2;
					};
				};
			};
			buildConfigurationList = 04B766E41B4E7641006B9641 /* Build configuration list for PBXProject "QtLiteNote" */;
			compatibilityVersion = "Xcode 3.2";
			developmentRegion = English;
			hasScannedForEncodings = 0;
			knownRegions = (
				en,
			);
			mainGroup = 04B766E01B4E7641006B9641;
			productRefGroup = 04B766EA1B4E7641006B9641 /* Products */;
			projectDirPath = "";
			projectRoot = "";
			targets = (
				04B766E81B4E7641006B9641 /* QtLiteNote */,
			);
		};
/* End PBXProject section */

/* Begin PBXSourcesBuildPhase section */
		04B766E51B4E7641006B9641 /* Sources */ = {
			isa = PBXSourcesBuildPhase;
			buildActionMask = 2147483647;
			files = (
				0454991A1B53A16D00202CE9 /* QFileEx.cpp in Sources */,
				0454991B1B53A16D00202CE9 /* QLiteNoteWindow.cpp in Sources */,
				0454990C1B53A14000202CE9 /* moc_QTreeWidgetEx.cpp in Sources */,
				04D823B91B9D6A2A00761017 /* PCString.cpp in Sources */,
				045499191B53A16D00202CE9 /* Markdown.cpp in Sources */,
				0454991C1B53A16D00202CE9 /* QTreeWidgetEx.cpp in Sources */,
				0454991D1B53A16D00202CE9 /* ras_ras.cpp in Sources */,
				04F9CF751BAC17B700CA1BEE /* MacWrap.m in Sources */,
				0454990A1B53A14000202CE9 /* moc_Markdown.cpp in Sources */,
				04D823B61B9D6A1D00761017 /* Markdown_inc.cpp in Sources */,
				045499181B53A16D00202CE9 /* MainLiteNote.cpp in Sources */,
				0454990B1B53A14000202CE9 /* moc_QLiteNoteWindow.cpp in Sources */,
			);
			runOnlyForDeploymentPostprocessing = 0;
		};
/* End PBXSourcesBuildPhase section */

/* Begin XCBuildConfiguration section */
		04B766EE1B4E7641006B9641 /* Debug */ = {
			isa = XCBuildConfiguration;
			buildSettings = {
				ALWAYS_SEARCH_USER_PATHS = YES;
				CLANG_CXX_LANGUAGE_STANDARD = "gnu++0x";
				CLANG_CXX_LIBRARY = "libc++";
				CLANG_ENABLE_MODULES = YES;
				CLANG_ENABLE_OBJC_ARC = YES;
				CLANG_WARN_BOOL_CONVERSION = YES;
				CLANG_WARN_CONSTANT_CONVERSION = YES;
				CLANG_WARN_DIRECT_OBJC_ISA_USAGE = YES_ERROR;
				CLANG_WARN_EMPTY_BODY = YES;
				CLANG_WARN_ENUM_CONVERSION = YES;
				CLANG_WARN_INT_CONVERSION = YES;
				CLANG_WARN_OBJC_ROOT_CLASS = YES_ERROR;
				CLANG_WARN_UNREACHABLE_CODE = YES;
				CLANG_WARN__DUPLICATE_METHOD_MATCH = YES;
				COPY_PHASE_STRIP = NO;
				DEBUG_INFORMATION_FORMAT = dwarf;
				ENABLE_STRICT_OBJC_MSGSEND = YES;
				GCC_C_LANGUAGE_STANDARD = gnu99;
				GCC_DYNAMIC_NO_PIC = NO;
				GCC_NO_COMMON_BLOCKS = YES;
				GCC_OPTIMIZATION_LEVEL = 0;
				GCC_PREPROCESSOR_DEFINITIONS = (
					"DEBUG=1",
					"$(inherited)",
				);
				GCC_SYMBOLS_PRIVATE_EXTERN = NO;
				GCC_WARN_64_TO_32_BIT_CONVERSION = YES;
				GCC_WARN_ABOUT_RETURN_TYPE = YES_ERROR;
				GCC_WARN_UNDECLARED_SELECTOR = YES;
				GCC_WARN_UNINITIALIZED_AUTOS = YES_AGGRESSIVE;
				GCC_WARN_UNUSED_FUNCTION = YES;
				GCC_WARN_UNUSED_VARIABLE = YES;
				MACOSX_DEPLOYMENT_TARGET = 10.10;
				MTL_ENABLE_DEBUG_INFO = NO;
				ONLY_ACTIVE_ARCH = YES;
				SDKROOT = macosx;
				USER_HEADER_SEARCH_PATHS = "/Users/xiangism/work/source/qt-4.8.4/include/QtGui /Users/xiangism/work/source/qt-4.8.4/include /Users/xiangism/work/source/qt-4.8.4/include/QtCore /Users/xiangism/work/source/qt-4.8.4/include/QtWebKit";
			};
			name = Debug;
		};
		04B766EF1B4E7641006B9641 /* Release */ = {
			isa = XCBuildConfiguration;
			buildSettings = {
				ALWAYS_SEARCH_USER_PATHS = YES;
				CLANG_CXX_LANGUAGE_STANDARD = "gnu++0x";
				CLANG_CXX_LIBRARY = "libc++";
				CLANG_ENABLE_MODULES = YES;
				CLANG_ENABLE_OBJC_ARC = YES;
				CLANG_WARN_BOOL_CONVERSION = YES;
				CLANG_WARN_CONSTANT_CONVERSION = YES;
				CLANG_WARN_DIRECT_OBJC_ISA_USAGE = YES_ERROR;
				CLANG_WARN_EMPTY_BODY = YES;
				CLANG_WARN_ENUM_CONVERSION = YES;
				CLANG_WARN_INT_CONVERSION = YES;
				CLANG_WARN_OBJC_ROOT_CLASS = YES_ERROR;
				CLANG_WARN_UNREACHABLE_CODE = YES;
				CLANG_WARN__DUPLICATE_METHOD_MATCH = YES;
				COPY_PHASE_STRIP = NO;
				DEBUG_INFORMATION_FORMAT = "dwarf-with-dsym";
				ENABLE_NS_ASSERTIONS = NO;
				ENABLE_STRICT_OBJC_MSGSEND = YES;
				GCC_C_LANGUAGE_STANDARD = gnu99;
				GCC_NO_COMMON_BLOCKS = YES;
				GCC_WARN_64_TO_32_BIT_CONVERSION = YES;
				GCC_WARN_ABOUT_RETURN_TYPE = YES_ERROR;
				GCC_WARN_UNDECLARED_SELECTOR = YES;
				GCC_WARN_UNINITIALIZED_AUTOS = YES_AGGRESSIVE;
				GCC_WARN_UNUSED_FUNCTION = YES;
				GCC_WARN_UNUSED_VARIABLE = YES;
				MACOSX_DEPLOYMENT_TARGET = 10.10;
				MTL_ENABLE_DEBUG_INFO = YES;
				ONLY_ACTIVE_ARCH = YES;
				SDKROOT = macosx;
				USER_HEADER_SEARCH_PATHS = "/Users/xiangism/work/source/qt-4.8.4/include/QtGui /Users/xiangism/work/source/qt-4.8.4/include /Users/xiangism/work/source/qt-4.8.4/include/QtCore /Users/xiangism/work/source/qt-4.8.4/include/QtWebKit";
			};
			name = Release;
		};
		04B766F11B4E7641006B9641 /* Debug */ = {
			isa = XCBuildConfiguration;
			buildSettings = {
				ARCHS = "$(ARCHS_STANDARD_32_64_BIT)";
				FRAMEWORK_SEARCH_PATHS = (
					"$(inherited)",
					"$(LOCAL_LIBRARY_DIR)/Frameworks",
				);
				PRODUCT_NAME = "$(TARGET_NAME)";
			};
			name = Debug;
		};
		04B766F21B4E7641006B9641 /* Release */ = {
			isa = XCBuildConfiguration;
			buildSettings = {
				ARCHS = "$(ARCHS_STANDARD_32_64_BIT)";
				FRAMEWORK_SEARCH_PATHS = (
					"$(inherited)",
					"$(LOCAL_LIBRARY_DIR)/Frameworks",
				);
				MTL_ENABLE_DEBUG_INFO = YES;
				PRODUCT_NAME = "$(TARGET_NAME)";
			};
			name = Release;
		};
/* End XCBuildConfiguration section */

/* Begin XCConfigurationList section */
		04B766E41B4E7641006B9641 /* Build configuration list for PBXProject "QtLiteNote" */ = {
			isa = XCConfigurationList;
			buildConfigurations = (
				04B766EE1B4E7641006B9641 /* Debug */,
				04B766EF1B4E7641006B9641 /* Release */,
			);
			defaultConfigurationIsVisible = 0;
			defaultConfigurationName = Release;
		};
		04B766F01B4E7641006B9641 /* Build configuration list for PBXNativeTarget "QtLiteNote" */ = {
			isa = XCConfigurationList;
			buildConfigurations = (
				04B766F11B4E7641006B9641 /* Debug */,
				04B766F21B4E7641006B9641 /* Release */,
			);
			defaultConfigurationIsVisible = 0;
			defaultConfigurationName = Release;
		};
/* End XCConfigurationList section */
	};
	rootObject = 04B766E11B4E7641006B9641 /* Project object */;
}
